// !$*UTF8*$!
{
	archiveVersion = 1;
	classes = {
	};
	objectVersion = 77;
	objects = {

/* Begin PBXBuildFile section */
		4FC25B8E2D83D65E0032465E /* ConfettiSwiftUI in Frameworks */ = {isa = PBXBuildFile; productRef = 4FC25B8D2D83D65E0032465E /* ConfettiSwiftUI */; };
/* End PBXBuildFile section */

/* Begin PBXContainerItemProxy section */
		4F781C182D80D049009F0370 /* PBXContainerItemProxy */ = {
			isa = PBXContainerItemProxy;
			containerPortal = 4F781BFF2D80D047009F0370 /* Project object */;
			proxyType = 1;
			remoteGlobalIDString = 4F781C062D80D047009F0370;
			remoteInfo = bingar;
		};
		4F781C222D80D049009F0370 /* PBXContainerItemProxy */ = {
			isa = PBXContainerItemProxy;
			containerPortal = 4F781BFF2D80D047009F0370 /* Project object */;
			proxyType = 1;
			remoteGlobalIDString = 4F781C062D80D047009F0370;
			remoteInfo = bingar;
		};
/* End PBXContainerItemProxy section */

/* Begin PBXFileReference section */
		4F781C072D80D047009F0370 /* bingar.app */ = {isa = PBXFileReference; explicitFileType = wrapper.application; includeInIndex = 0; path = bingar.app; sourceTree = BUILT_PRODUCTS_DIR; };
		4F781C172D80D049009F0370 /* bingarTests.xctest */ = {isa = PBXFileReference; explicitFileType = wrapper.cfbundle; includeInIndex = 0; path = bingarTests.xctest; sourceTree = BUILT_PRODUCTS_DIR; };
		4F781C212D80D049009F0370 /* bingarUITests.xctest */ = {isa = PBXFileReference; explicitFileType = wrapper.cfbundle; includeInIndex = 0; path = bingarUITests.xctest; sourceTree = BUILT_PRODUCTS_DIR; };
/* End PBXFileReference section */

/* Begin PBXFileSystemSynchronizedBuildFileExceptionSet section */
		4F55DB522D836B390028197E /* Exceptions for "bingar" folder in "bingar" target */ = {
			isa = PBXFileSystemSynchronizedBuildFileExceptionSet;
			membershipExceptions = (
				Info.plist,
			);
			target = 4F781C062D80D047009F0370 /* bingar */;
		};
/* End PBXFileSystemSynchronizedBuildFileExceptionSet section */

/* Begin PBXFileSystemSynchronizedRootGroup section */
		4F781C092D80D047009F0370 /* bingar */ = {
			isa = PBXFileSystemSynchronizedRootGroup;
			exceptions = (
				4F55DB522D836B390028197E /* Exceptions for "bingar" folder in "bingar" target */,
			);
			path = bingar;
			sourceTree = "<group>";
		};
		4F781C1A2D80D049009F0370 /* bingarTests */ = {
			isa = PBXFileSystemSynchronizedRootGroup;
			path = bingarTests;
			sourceTree = "<group>";
		};
		4F781C242D80D049009F0370 /* bingarUITests */ = {
			isa = PBXFileSystemSynchronizedRootGroup;
			path = bingarUITests;
			sourceTree = "<group>";
		};
/* End PBXFileSystemSynchronizedRootGroup section */

/* Begin PBXFrameworksBuildPhase section */
		4F781C042D80D047009F0370 /* Frameworks */ = {
			isa = PBXFrameworksBuildPhase;
			buildActionMask = 2147483647;
			files = (
				4FC25B8E2D83D65E0032465E /* ConfettiSwiftUI in Frameworks */,
			);
			runOnlyForDeploymentPostprocessing = 0;
		};
		4F781C142D80D049009F0370 /* Frameworks */ = {
			isa = PBXFrameworksBuildPhase;
			buildActionMask = 2147483647;
			files = (
			);
			runOnlyForDeploymentPostprocessing = 0;
		};
		4F781C1E2D80D049009F0370 /* Frameworks */ = {
			isa = PBXFrameworksBuildPhase;
			buildActionMask = 2147483647;
			files = (
			);
			runOnlyForDeploymentPostprocessing = 0;
		};
/* End PBXFrameworksBuildPhase section */

/* Begin PBXGroup section */
		4F781BFE2D80D047009F0370 = {
			isa = PBXGroup;
			children = (
				4F781C092D80D047009F0370 /* bingar */,
				4F781C1A2D80D049009F0370 /* bingarTests */,
				4F781C242D80D049009F0370 /* bingarUITests */,
				4F781C082D80D047009F0370 /* Products */,
			);
			sourceTree = "<group>";
		};
		4F781C082D80D047009F0370 /* Products */ = {
			isa = PBXGroup;
			children = (
				4F781C072D80D047009F0370 /* bingar.app */,
				4F781C172D80D049009F0370 /* bingarTests.xctest */,
				4F781C212D80D049009F0370 /* bingarUITests.xctest */,
			);
			name = Products;
			sourceTree = "<group>";
		};
/* End PBXGroup section */

/* Begin PBXNativeTarget section */
		4F781C062D80D047009F0370 /* bingar */ = {
			isa = PBXNativeTarget;
			buildConfigurationList = 4F781C2B2D80D049009F0370 /* Build configuration list for PBXNativeTarget "bingar" */;
			buildPhases = (
				4F781C032D80D047009F0370 /* Sources */,
				4F781C042D80D047009F0370 /* Frameworks */,
				4F781C052D80D047009F0370 /* Resources */,
			);
			buildRules = (
			);
			dependencies = (
			);
			fileSystemSynchronizedGroups = (
				4F781C092D80D047009F0370 /* bingar */,
			);
			name = bingar;
			packageProductDependencies = (
				4FC25B8D2D83D65E0032465E /* ConfettiSwiftUI */,
			);
			productName = bingar;
			productReference = 4F781C072D80D047009F0370 /* bingar.app */;
			productType = "com.apple.product-type.application";
		};
		4F781C162D80D049009F0370 /* bingarTests */ = {
			isa = PBXNativeTarget;
			buildConfigurationList = 4F781C2E2D80D049009F0370 /* Build configuration list for PBXNativeTarget "bingarTests" */;
			buildPhases = (
				4F781C132D80D049009F0370 /* Sources */,
				4F781C142D80D049009F0370 /* Frameworks */,
				4F781C152D80D049009F0370 /* Resources */,
			);
			buildRules = (
			);
			dependencies = (
				4F781C192D80D049009F0370 /* PBXTargetDependency */,
			);
			fileSystemSynchronizedGroups = (
				4F781C1A2D80D049009F0370 /* bingarTests */,
			);
			name = bingarTests;
			packageProductDependencies = (
			);
			productName = bingarTests;
			productReference = 4F781C172D80D049009F0370 /* bingarTests.xctest */;
			productType = "com.apple.product-type.bundle.unit-test";
		};
		4F781C202D80D049009F0370 /* bingarUITests */ = {
			isa = PBXNativeTarget;
			buildConfigurationList = 4F781C312D80D049009F0370 /* Build configuration list for PBXNativeTarget "bingarUITests" */;
			buildPhases = (
				4F781C1D2D80D049009F0370 /* Sources */,
				4F781C1E2D80D049009F0370 /* Frameworks */,
				4F781C1F2D80D049009F0370 /* Resources */,
			);
			buildRules = (
			);
			dependencies = (
				4F781C232D80D049009F0370 /* PBXTargetDependency */,
			);
			fileSystemSynchronizedGroups = (
				4F781C242D80D049009F0370 /* bingarUITests */,
			);
			name = bingarUITests;
			packageProductDependencies = (
			);
			productName = bingarUITests;
			productReference = 4F781C212D80D049009F0370 /* bingarUITests.xctest */;
			productType = "com.apple.product-type.bundle.ui-testing";
		};
/* End PBXNativeTarget section */

/* Begin PBXProject section */
		4F781BFF2D80D047009F0370 /* Project object */ = {
			isa = PBXProject;
			attributes = {
				BuildIndependentTargetsInParallel = 1;
				LastSwiftUpdateCheck = 1620;
				LastUpgradeCheck = 1620;
				TargetAttributes = {
					4F781C062D80D047009F0370 = {
						CreatedOnToolsVersion = 16.2;
					};
					4F781C162D80D049009F0370 = {
						CreatedOnToolsVersion = 16.2;
						TestTargetID = 4F781C062D80D047009F0370;
					};
					4F781C202D80D049009F0370 = {
						CreatedOnToolsVersion = 16.2;
						TestTargetID = 4F781C062D80D047009F0370;
					};
				};
			};
			buildConfigurationList = 4F781C022D80D047009F0370 /* Build configuration list for PBXProject "bingar" */;
			developmentRegion = en;
			hasScannedForEncodings = 0;
			knownRegions = (
				en,
				Base,
			);
			mainGroup = 4F781BFE2D80D047009F0370;
			minimizedProjectReferenceProxies = 1;
			packageReferences = (
				4FC25B8C2D83D65E0032465E /* XCRemoteSwiftPackageReference "ConfettiSwiftUI" */,
			);
			preferredProjectObjectVersion = 77;
			productRefGroup = 4F781C082D80D047009F0370 /* Products */;
			projectDirPath = "";
			projectRoot = "";
			targets = (
				4F781C062D80D047009F0370 /* bingar */,
				4F781C162D80D049009F0370 /* bingarTests */,
				4F781C202D80D049009F0370 /* bingarUITests */,
			);
		};
/* End PBXProject section */

/* Begin PBXResourcesBuildPhase section */
		4F781C052D80D047009F0370 /* Resources */ = {
			isa = PBXResourcesBuildPhase;
			buildActionMask = 2147483647;
			files = (
			);
			runOnlyForDeploymentPostprocessing = 0;
		};
		4F781C152D80D049009F0370 /* Resources */ = {
			isa = PBXResourcesBuildPhase;
			buildActionMask = 2147483647;
			files = (
			);
			runOnlyForDeploymentPostprocessing = 0;
		};
		4F781C1F2D80D049009F0370 /* Resources */ = {
			isa = PBXResourcesBuildPhase;
			buildActionMask = 2147483647;
			files = (
			);
			runOnlyForDeploymentPostprocessing = 0;
		};
/* End PBXResourcesBuildPhase section */

/* Begin PBXSourcesBuildPhase section */
		4F781C032D80D047009F0370 /* Sources */ = {
			isa = PBXSourcesBuildPhase;
			buildActionMask = 2147483647;
			files = (
			);
			runOnlyForDeploymentPostprocessing = 0;
		};
		4F781C132D80D049009F0370 /* Sources */ = {
			isa = PBXSourcesBuildPhase;
			buildActionMask = 2147483647;
			files = (
			);
			runOnlyForDeploymentPostprocessing = 0;
		};
		4F781C1D2D80D049009F0370 /* Sources */ = {
			isa = PBXSourcesBuildPhase;
			buildActionMask = 2147483647;
			files = (
			);
			runOnlyForDeploymentPostprocessing = 0;
		};
/* End PBXSourcesBuildPhase section */

/* Begin PBXTargetDependency section */
		4F781C192D80D049009F0370 /* PBXTargetDependency */ = {
			isa = PBXTargetDependency;
			target = 4F781C062D80D047009F0370 /* bingar */;
			targetProxy = 4F781C182D80D049009F0370 /* PBXContainerItemProxy */;
		};
		4F781C232D80D049009F0370 /* PBXTargetDependency */ = {
			isa = PBXTargetDependency;
			target = 4F781C062D80D047009F0370 /* bingar */;
			targetProxy = 4F781C222D80D049009F0370 /* PBXContainerItemProxy */;
		};
/* End PBXTargetDependency section */

/* Begin XCBuildConfiguration section */
		4F781C292D80D049009F0370 /* Debug */ = {
			isa = XCBuildConfiguration;
			buildSettings = {
				ALWAYS_SEARCH_USER_PATHS = NO;
				ASSETCATALOG_COMPILER_GENERATE_SWIFT_ASSET_SYMBOL_EXTENSIONS = YES;
				CLANG_ANALYZER_NONNULL = YES;
				CLANG_ANALYZER_NUMBER_OBJECT_CONVERSION = YES_AGGRESSIVE;
				CLANG_CXX_LANGUAGE_STANDARD = "gnu++20";
				CLANG_ENABLE_MODULES = YES;
				CLANG_ENABLE_OBJC_ARC = YES;
				CLANG_ENABLE_OBJC_WEAK = YES;
				CLANG_WARN_BLOCK_CAPTURE_AUTORELEASING = YES;
				CLANG_WARN_BOOL_CONVERSION = YES;
				CLANG_WARN_COMMA = YES;
				CLANG_WARN_CONSTANT_CONVERSION = YES;
				CLANG_WARN_DEPRECATED_OBJC_IMPLEMENTATIONS = YES;
				CLANG_WARN_DIRECT_OBJC_ISA_USAGE = YES_ERROR;
				CLANG_WARN_DOCUMENTATION_COMMENTS = YES;
				CLANG_WARN_EMPTY_BODY = YES;
				CLANG_WARN_ENUM_CONVERSION = YES;
				CLANG_WARN_INFINITE_RECURSION = YES;
				CLANG_WARN_INT_CONVERSION = YES;
				CLANG_WARN_NON_LITERAL_NULL_CONVERSION = YES;
				CLANG_WARN_OBJC_IMPLICIT_RETAIN_SELF = YES;
				CLANG_WARN_OBJC_LITERAL_CONVERSION = YES;
				CLANG_WARN_OBJC_ROOT_CLASS = YES_ERROR;
				CLANG_WARN_QUOTED_INCLUDE_IN_FRAMEWORK_HEADER = YES;
				CLANG_WARN_RANGE_LOOP_ANALYSIS = YES;
				CLANG_WARN_STRICT_PROTOTYPES = YES;
				CLANG_WARN_SUSPICIOUS_MOVE = YES;
				CLANG_WARN_UNGUARDED_AVAILABILITY = YES_AGGRESSIVE;
				CLANG_WARN_UNREACHABLE_CODE = YES;
				CLANG_WARN__DUPLICATE_METHOD_MATCH = YES;
				COPY_PHASE_STRIP = NO;
				DEBUG_INFORMATION_FORMAT = dwarf;
				ENABLE_STRICT_OBJC_MSGSEND = YES;
				ENABLE_TESTABILITY = YES;
				ENABLE_USER_SCRIPT_SANDBOXING = YES;
				GCC_C_LANGUAGE_STANDARD = gnu17;
				GCC_DYNAMIC_NO_PIC = NO;
				GCC_NO_COMMON_BLOCKS = YES;
				GCC_OPTIMIZATION_LEVEL = 0;
				GCC_PREPROCESSOR_DEFINITIONS = (
					"DEBUG=1",
					"$(inherited)",
				);
				GCC_WARN_64_TO_32_BIT_CONVERSION = YES;
				GCC_WARN_ABOUT_RETURN_TYPE = YES_ERROR;
				GCC_WARN_UNDECLARED_SELECTOR = YES;
				GCC_WARN_UNINITIALIZED_AUTOS = YES_AGGRESSIVE;
				GCC_WARN_UNUSED_FUNCTION = YES;
				GCC_WARN_UNUSED_VARIABLE = YES;
				IPHONEOS_DEPLOYMENT_TARGET = 18.2;
				LOCALIZATION_PREFERS_STRING_CATALOGS = YES;
				MTL_ENABLE_DEBUG_INFO = INCLUDE_SOURCE;
				MTL_FAST_MATH = YES;
				ONLY_ACTIVE_ARCH = YES;
				SDKROOT = iphoneos;
				SWIFT_ACTIVE_COMPILATION_CONDITIONS = "DEBUG $(inherited)";
				SWIFT_OPTIMIZATION_LEVEL = "-Onone";
			};
			name = Debug;
		};
		4F781C2A2D80D049009F0370 /* Release */ = {
			isa = XCBuildConfiguration;
			buildSettings = {
				ALWAYS_SEARCH_USER_PATHS = NO;
				ASSETCATALOG_COMPILER_GENERATE_SWIFT_ASSET_SYMBOL_EXTENSIONS = YES;
				CLANG_ANALYZER_NONNULL = YES;
				CLANG_ANALYZER_NUMBER_OBJECT_CONVERSION = YES_AGGRESSIVE;
				CLANG_CXX_LANGUAGE_STANDARD = "gnu++20";
				CLANG_ENABLE_MODULES = YES;
				CLANG_ENABLE_OBJC_ARC = YES;
				CLANG_ENABLE_OBJC_WEAK = YES;
				CLANG_WARN_BLOCK_CAPTURE_AUTORELEASING = YES;
				CLANG_WARN_BOOL_CONVERSION = YES;
				CLANG_WARN_COMMA = YES;
				CLANG_WARN_CONSTANT_CONVERSION = YES;
				CLANG_WARN_DEPRECATED_OBJC_IMPLEMENTATIONS = YES;
				CLANG_WARN_DIRECT_OBJC_ISA_USAGE = YES_ERROR;
				CLANG_WARN_DOCUMENTATION_COMMENTS = YES;
				CLANG_WARN_EMPTY_BODY = YES;
				CLANG_WARN_ENUM_CONVERSION = YES;
				CLANG_WARN_INFINITE_RECURSION = YES;
				CLANG_WARN_INT_CONVERSION = YES;
				CLANG_WARN_NON_LITERAL_NULL_CONVERSION = YES;
				CLANG_WARN_OBJC_IMPLICIT_RETAIN_SELF = YES;
				CLANG_WARN_OBJC_LITERAL_CONVERSION = YES;
				CLANG_WARN_OBJC_ROOT_CLASS = YES_ERROR;
				CLANG_WARN_QUOTED_INCLUDE_IN_FRAMEWORK_HEADER = YES;
				CLANG_WARN_RANGE_LOOP_ANALYSIS = YES;
				CLANG_WARN_STRICT_PROTOTYPES = YES;
				CLANG_WARN_SUSPICIOUS_MOVE = YES;
				CLANG_WARN_UNGUARDED_AVAILABILITY = YES_AGGRESSIVE;
				CLANG_WARN_UNREACHABLE_CODE = YES;
				CLANG_WARN__DUPLICATE_METHOD_MATCH = YES;
				COPY_PHASE_STRIP = NO;
				DEBUG_INFORMATION_FORMAT = "dwarf-with-dsym";
				ENABLE_NS_ASSERTIONS = NO;
				ENABLE_STRICT_OBJC_MSGSEND = YES;
				ENABLE_USER_SCRIPT_SANDBOXING = YES;
				GCC_C_LANGUAGE_STANDARD = gnu17;
				GCC_NO_COMMON_BLOCKS = YES;
				GCC_WARN_64_TO_32_BIT_CONVERSION = YES;
				GCC_WARN_ABOUT_RETURN_TYPE = YES_ERROR;
				GCC_WARN_UNDECLARED_SELECTOR = YES;
				GCC_WARN_UNINITIALIZED_AUTOS = YES_AGGRESSIVE;
				GCC_WARN_UNUSED_FUNCTION = YES;
				GCC_WARN_UNUSED_VARIABLE = YES;
				IPHONEOS_DEPLOYMENT_TARGET = 18.2;
				LOCALIZATION_PREFERS_STRING_CATALOGS = YES;
				MTL_ENABLE_DEBUG_INFO = NO;
				MTL_FAST_MATH = YES;
				SDKROOT = iphoneos;
				SWIFT_COMPILATION_MODE = wholemodule;
				VALIDATE_PRODUCT = YES;
			};
			name = Release;
		};
		4F781C2C2D80D049009F0370 /* Debug */ = {
			isa = XCBuildConfiguration;
			buildSettings = {
				ASSETCATALOG_COMPILER_APPICON_NAME = AppIcon;
				ASSETCATALOG_COMPILER_GLOBAL_ACCENT_COLOR_NAME = AccentColor;
				CODE_SIGN_STYLE = Automatic;
				CURRENT_PROJECT_VERSION = 1;
				DEVELOPMENT_ASSET_PATHS = "\"bingar/Preview Content\"";
				DEVELOPMENT_TEAM = 464RD6N97H;
				ENABLE_PREVIEWS = YES;
				GENERATE_INFOPLIST_FILE = YES;
				INFOPLIST_FILE = bingar/Info.plist;
				INFOPLIST_KEY_CFBundleDisplayName = bIngAr;
				INFOPLIST_KEY_LSApplicationCategoryType = "public.app-category.entertainment";
				INFOPLIST_KEY_NSCameraUsageDescription = "Needed to scan the paper.";
				INFOPLIST_KEY_NSMicrophoneUsageDescription = "For real-time analysis, audio recording is required.";
				INFOPLIST_KEY_NSSpeechRecognitionUsageDescription = "For real-time analysis, Speech Recognition is required.";
				INFOPLIST_KEY_UIApplicationSceneManifest_Generation = YES;
				INFOPLIST_KEY_UIApplicationSupportsIndirectInputEvents = YES;
				INFOPLIST_KEY_UILaunchScreen_Generation = YES;
				INFOPLIST_KEY_UISupportedInterfaceOrientations = UIInterfaceOrientationPortrait;
				LD_RUNPATH_SEARCH_PATHS = (
					"$(inherited)",
					"@executable_path/Frameworks",
				);
				MARKETING_VERSION = 1.0;
				PRODUCT_BUNDLE_IDENTIFIER = com.luanagerber.bingar;
				PRODUCT_NAME = "$(TARGET_NAME)";
				SUPPORTED_PLATFORMS = "iphoneos iphonesimulator";
				SUPPORTS_MACCATALYST = NO;
				SUPPORTS_MAC_DESIGNED_FOR_IPHONE_IPAD = NO;
				SUPPORTS_XR_DESIGNED_FOR_IPHONE_IPAD = NO;
				SWIFT_EMIT_LOC_STRINGS = YES;
				SWIFT_VERSION = 5.0;
				TARGETED_DEVICE_FAMILY = 1;
			};
			name = Debug;
		};
		4F781C2D2D80D049009F0370 /* Release */ = {
			isa = XCBuildConfiguration;
			buildSettings = {
				ASSETCATALOG_COMPILER_APPICON_NAME = AppIcon;
				ASSETCATALOG_COMPILER_GLOBAL_ACCENT_COLOR_NAME = AccentColor;
				CODE_SIGN_STYLE = Automatic;
				CURRENT_PROJECT_VERSION = 1;
				DEVELOPMENT_ASSET_PATHS = "\"bingar/Preview Content\"";
				DEVELOPMENT_TEAM = 464RD6N97H;
				ENABLE_PREVIEWS = YES;
				GENERATE_INFOPLIST_FILE = YES;
				INFOPLIST_FILE = bingar/Info.plist;
				INFOPLIST_KEY_CFBundleDisplayName = bIngAr;
				INFOPLIST_KEY_LSApplicationCategoryType = "public.app-category.entertainment";
				INFOPLIST_KEY_NSCameraUsageDescription = "Needed to scan the paper.";
				INFOPLIST_KEY_NSMicrophoneUsageDescription = "For real-time analysis, audio recording is required.";
				INFOPLIST_KEY_NSSpeechRecognitionUsageDescription = "For real-time analysis, Speech Recognition is required.";
				INFOPLIST_KEY_UIApplicationSceneManifest_Generation = YES;
				INFOPLIST_KEY_UIApplicationSupportsIndirectInputEvents = YES;
				INFOPLIST_KEY_UILaunchScreen_Generation = YES;
				INFOPLIST_KEY_UISupportedInterfaceOrientations = UIInterfaceOrientationPortrait;
				LD_RUNPATH_SEARCH_PATHS = (
					"$(inherited)",
					"@executable_path/Frameworks",
				);
				MARKETING_VERSION = 1.0;
				PRODUCT_BUNDLE_IDENTIFIER = com.luanagerber.bingar;
				PRODUCT_NAME = "$(TARGET_NAME)";
				SUPPORTED_PLATFORMS = "iphoneos iphonesimulator";
				SUPPORTS_MACCATALYST = NO;
				SUPPORTS_MAC_DESIGNED_FOR_IPHONE_IPAD = NO;
				SUPPORTS_XR_DESIGNED_FOR_IPHONE_IPAD = NO;
				SWIFT_EMIT_LOC_STRINGS = YES;
				SWIFT_VERSION = 5.0;
				TARGETED_DEVICE_FAMILY = 1;
			};
			name = Release;
		};
		4F781C2F2D80D049009F0370 /* Debug */ = {
			isa = XCBuildConfiguration;
			buildSettings = {
				BUNDLE_LOADER = "$(TEST_HOST)";
				CODE_SIGN_STYLE = Automatic;
				CURRENT_PROJECT_VERSION = 1;
				DEVELOPMENT_TEAM = UZ6BDJX457;
				GENERATE_INFOPLIST_FILE = YES;
				IPHONEOS_DEPLOYMENT_TARGET = 18.2;
				MARKETING_VERSION = 1.0;
				PRODUCT_BUNDLE_IDENTIFIER = com.luanagerber.bingarTests;
				PRODUCT_NAME = "$(TARGET_NAME)";
				SWIFT_EMIT_LOC_STRINGS = NO;
				SWIFT_VERSION = 5.0;
				TARGETED_DEVICE_FAMILY = "1,2";
				TEST_HOST = "$(BUILT_PRODUCTS_DIR)/bingar.app/$(BUNDLE_EXECUTABLE_FOLDER_PATH)/bingar";
			};
			name = Debug;
		};
		4F781C302D80D049009F0370 /* Release */ = {
			isa = XCBuildConfiguration;
			buildSettings = {
				BUNDLE_LOADER = "$(TEST_HOST)";
				CODE_SIGN_STYLE = Automatic;
				CURRENT_PROJECT_VERSION = 1;
				DEVELOPMENT_TEAM = UZ6BDJX457;
				GENERATE_INFOPLIST_FILE = YES;
				IPHONEOS_DEPLOYMENT_TARGET = 18.2;
				MARKETING_VERSION = 1.0;
				PRODUCT_BUNDLE_IDENTIFIER = com.luanagerber.bingarTests;
				PRODUCT_NAME = "$(TARGET_NAME)";
				SWIFT_EMIT_LOC_STRINGS = NO;
				SWIFT_VERSION = 5.0;
				TARGETED_DEVICE_FAMILY = "1,2";
				TEST_HOST = "$(BUILT_PRODUCTS_DIR)/bingar.app/$(BUNDLE_EXECUTABLE_FOLDER_PATH)/bingar";
			};
			name = Release;
		};
		4F781C322D80D049009F0370 /* Debug */ = {
			isa = XCBuildConfiguration;
			buildSettings = {
				CODE_SIGN_STYLE = Automatic;
				CURRENT_PROJECT_VERSION = 1;
				DEVELOPMENT_TEAM = UZ6BDJX457;
				GENERATE_INFOPLIST_FILE = YES;
				MARKETING_VERSION = 1.0;
				PRODUCT_BUNDLE_IDENTIFIER = com.luanagerber.bingarUITests;
				PRODUCT_NAME = "$(TARGET_NAME)";
				SWIFT_EMIT_LOC_STRINGS = NO;
				SWIFT_VERSION = 5.0;
				TARGETED_DEVICE_FAMILY = "1,2";
				TEST_TARGET_NAME = bingar;
			};
			name = Debug;
		};
		4F781C332D80D049009F0370 /* Release */ = {
			isa = XCBuildConfiguration;
			buildSettings = {
				CODE_SIGN_STYLE = Automatic;
				CURRENT_PROJECT_VERSION = 1;
				DEVELOPMENT_TEAM = UZ6BDJX457;
				GENERATE_INFOPLIST_FILE = YES;
				MARKETING_VERSION = 1.0;
				PRODUCT_BUNDLE_IDENTIFIER = com.luanagerber.bingarUITests;
				PRODUCT_NAME = "$(TARGET_NAME)";
				SWIFT_EMIT_LOC_STRINGS = NO;
				SWIFT_VERSION = 5.0;
				TARGETED_DEVICE_FAMILY = "1,2";
				TEST_TARGET_NAME = bingar;
			};
			name = Release;
		};
/* End XCBuildConfiguration section */

/* Begin XCConfigurationList section */
		4F781C022D80D047009F0370 /* Build configuration list for PBXProject "bingar" */ = {
			isa = XCConfigurationList;
			buildConfigurations = (
				4F781C292D80D049009F0370 /* Debug */,
				4F781C2A2D80D049009F0370 /* Release */,
			);
			defaultConfigurationIsVisible = 0;
			defaultConfigurationName = Release;
		};
		4F781C2B2D80D049009F0370 /* Build configuration list for PBXNativeTarget "bingar" */ = {
			isa = XCConfigurationList;
			buildConfigurations = (
				4F781C2C2D80D049009F0370 /* Debug */,
				4F781C2D2D80D049009F0370 /* Release */,
			);
			defaultConfigurationIsVisible = 0;
			defaultConfigurationName = Release;
		};
		4F781C2E2D80D049009F0370 /* Build configuration list for PBXNativeTarget "bingarTests" */ = {
			isa = XCConfigurationList;
			buildConfigurations = (
				4F781C2F2D80D049009F0370 /* Debug */,
				4F781C302D80D049009F0370 /* Release */,
			);
			defaultConfigurationIsVisible = 0;
			defaultConfigurationName = Release;
		};
		4F781C312D80D049009F0370 /* Build configuration list for PBXNativeTarget "bingarUITests" */ = {
			isa = XCConfigurationList;
			buildConfigurations = (
				4F781C322D80D049009F0370 /* Debug */,
				4F781C332D80D049009F0370 /* Release */,
			);
			defaultConfigurationIsVisible = 0;
			defaultConfigurationName = Release;
		};
/* End XCConfigurationList section */

/* Begin XCRemoteSwiftPackageReference section */
		4FC25B8C2D83D65E0032465E /* XCRemoteSwiftPackageReference "ConfettiSwiftUI" */ = {
			isa = XCRemoteSwiftPackageReference;
			repositoryURL = "https://github.com/simibac/ConfettiSwiftUI";
			requirement = {
				kind = upToNextMajorVersion;
				minimumVersion = 2.0.2;
			};
		};
/* End XCRemoteSwiftPackageReference section */

/* Begin XCSwiftPackageProductDependency section */
		4FC25B8D2D83D65E0032465E /* ConfettiSwiftUI */ = {
			isa = XCSwiftPackageProductDependency;
			package = 4FC25B8C2D83D65E0032465E /* XCRemoteSwiftPackageReference "ConfettiSwiftUI" */;
			productName = ConfettiSwiftUI;
		};
/* End XCSwiftPackageProductDependency section */
	};
	rootObject = 4F781BFF2D80D047009F0370 /* Project object */;
}
